
Microsoft Visual Studio Solution File, Format Version 12.00
# Visual Studio Version 17
VisualStudioVersion = 17.1.32210.238
MinimumVisualStudioVersion = 10.0.40219.1
Project("{8BC9CEB8-8B4A-11D0-8D11-00A0C91BC942}") = "SciTE", "SciTE.vcxproj", "{5641EA06-A73C-4297-B287-48B40850C708}"
EndProject
Project("{8BC9CEB8-8B4A-11D0-8D11-00A0C91BC942}") = "gui", "..\..\gui\gui\gui.vcxproj", "{A18F9F66-AE21-4DB9-A770-43B282EE758D}"
EndProject
Project("{8BC9CEB8-8B4A-11D0-8D11-00A0C91BC942}") = "lfs", "..\..\lfs\lfs\lfs.vcxproj", "{7A9DEEAE-8914-44D1-B661-023CA9EFDF33}"
EndProject
Project("{8BC9CEB8-8B4A-11D0-8D11-00A0C91BC942}") = "lpeg", "..\..\lpeg\lpeg\lpeg.vcxproj", "{0A89CB70-CD42-402A-9881-D3AA22CEB642}"
EndProject
Project("{8BC9CEB8-8B4A-11D0-8D11-00A0C91BC942}") = "lua", "..\..\lua\lua\lua.vcxproj", "{55158ED9-C103-4F39-B2FC-850EAB57A470}"
EndProject
Project("{8BC9CEB8-8B4A-11D0-8D11-00A0C91BC942}") = "shell", "..\..\shell\shell\shell.vcxproj", "{2789BFAD-31EB-4BE3-88BE-BD265F3C7E2B}"
EndProject
Global
	GlobalSection(SolutionConfigurationPlatforms) = preSolution
		Debug|x64 = Debug|x64
		Debug|x86 = Debug|x86
		Release|x64 = Release|x64
		Release|x86 = Release|x86
	EndGlobalSection
	GlobalSection(ProjectConfigurationPlatforms) = postSolution
		{5641EA06-A73C-4297-B287-48B40850C708}.Debug|x64.ActiveCfg = Debug|x64
		{5641EA06-A73C-4297-B287-48B40850C708}.Debug|x64.Build.0 = Debug|x64
		{5641EA06-A73C-4297-B287-48B40850C708}.Debug|x86.ActiveCfg = Debug|Win32
		{5641EA06-A73C-4297-B287-48B40850C708}.Debug|x86.Build.0 = Debug|Win32
		{5641EA06-A73C-4297-B287-48B40850C708}.Release|x64.ActiveCfg = Release|x64
		{5641EA06-A73C-4297-B287-48B40850C708}.Release|x64.Build.0 = Release|x64
		{5641EA06-A73C-4297-B287-48B40850C708}.Release|x86.ActiveCfg = Release|Win32
		{5641EA06-A73C-4297-B287-48B40850C708}.Release|x86.Build.0 = Release|Win32
		{A18F9F66-AE21-4DB9-A770-43B282EE758D}.Debug|x64.ActiveCfg = Debug|x64
		{A18F9F66-AE21-4DB9-A770-43B282EE758D}.Debug|x64.Build.0 = Debug|x64
		{A18F9F66-AE21-4DB9-A770-43B282EE758D}.Debug|x86.ActiveCfg = Debug|Win32
		{A18F9F66-AE21-4DB9-A770-43B282EE758D}.Debug|x86.Build.0 = Debug|Win32
		{A18F9F66-AE21-4DB9-A770-43B282EE758D}.Release|x64.ActiveCfg = Release|x64
		{A18F9F66-AE21-4DB9-A770-43B282EE758D}.Release|x64.Build.0 = Release|x64
		{A18F9F66-AE21-4DB9-A770-43B282EE758D}.Release|x86.ActiveCfg = Release|Win32
		{A18F9F66-AE21-4DB9-A770-43B282EE758D}.Release|x86.Build.0 = Release|Win32
		{7A9DEEAE-8914-44D1-B661-023CA9EFDF33}.Debug|x64.ActiveCfg = Debug|x64
		{7A9DEEAE-8914-44D1-B661-023CA9EFDF33}.Debug|x64.Build.0 = Debug|x64
		{7A9DEEAE-8914-44D1-B661-023CA9EFDF33}.Debug|x86.ActiveCfg = Debug|Win32
		{7A9DEEAE-8914-44D1-B661-023CA9EFDF33}.Debug|x86.Build.0 = Debug|Win32
		{7A9DEEAE-8914-44D1-B661-023CA9EFDF33}.Release|x64.ActiveCfg = Release|x64
		{7A9DEEAE-8914-44D1-B661-023CA9EFDF33}.Release|x64.Build.0 = Release|x64
		{7A9DEEAE-8914-44D1-B661-023CA9EFDF33}.Release|x86.ActiveCfg = Release|Win32
		{7A9DEEAE-8914-44D1-B661-023CA9EFDF33}.Release|x86.Build.0 = Release|Win32
		{0A89CB70-CD42-402A-9881-D3AA22CEB642}.Debug|x64.ActiveCfg = Debug|x64
		{0A89CB70-CD42-402A-9881-D3AA22CEB642}.Debug|x64.Build.0 = Debug|x64
		{0A89CB70-CD42-402A-9881-D3AA22CEB642}.Debug|x86.ActiveCfg = Debug|Win32
		{0A89CB70-CD42-402A-9881-D3AA22CEB642}.Debug|x86.Build.0 = Debug|Win32
		{0A89CB70-CD42-402A-9881-D3AA22CEB642}.Release|x64.ActiveCfg = Release|x64
		{0A89CB70-CD42-402A-9881-D3AA22CEB642}.Release|x64.Build.0 = Release|x64
		{0A89CB70-CD42-402A-9881-D3AA22CEB642}.Release|x86.ActiveCfg = Release|Win32
		{0A89CB70-CD42-402A-9881-D3AA22CEB642}.Release|x86.Build.0 = Release|Win32
		{55158ED9-C103-4F39-B2FC-850EAB57A470}.Debug|x64.ActiveCfg = Debug|x64
		{55158ED9-C103-4F39-B2FC-850EAB57A470}.Debug|x64.Build.0 = Debug|x64
		{55158ED9-C103-4F39-B2FC-850EAB57A470}.Debug|x86.ActiveCfg = Debug|Win32
		{55158ED9-C103-4F39-B2FC-850EAB57A470}.Debug|x86.Build.0 = Debug|Win32
		{55158ED9-C103-4F39-B2FC-850EAB57A470}.Release|x64.ActiveCfg = Release|x64
		{55158ED9-C103-4F39-B2FC-850EAB57A470}.Release|x64.Build.0 = Release|x64
		{55158ED9-C103-4F39-B2FC-850EAB57A470}.Release|x86.ActiveCfg = Release|Win32
		{55158ED9-C103-4F39-B2FC-850EAB57A470}.Release|x86.Build.0 = Release|Win32
		{2789BFAD-31EB-4BE3-88BE-BD265F3C7E2B}.Debug|x64.ActiveCfg = Debug|x64
		{2789BFAD-31EB-4BE3-88BE-BD265F3C7E2B}.Debug|x64.Build.0 = Debug|x64
		{2789BFAD-31EB-4BE3-88BE-BD265F3C7E2B}.Debug|x86.ActiveCfg = Debug|Win32
		{2789BFAD-31EB-4BE3-88BE-BD265F3C7E2B}.Debug|x86.Build.0 = Debug|Win32
		{2789BFAD-31EB-4BE3-88BE-BD265F3C7E2B}.Release|x64.ActiveCfg = Release|x64
		{2789BFAD-31EB-4BE3-88BE-BD265F3C7E2B}.Release|x64.Build.0 = Release|x64
		{2789BFAD-31EB-4BE3-88BE-BD265F3C7E2B}.Release|x86.ActiveCfg = Release|Win32
		{2789BFAD-31EB-4BE3-88BE-BD265F3C7E2B}.Release|x86.Build.0 = Release|Win32
	EndGlobalSection
	GlobalSection(SolutionProperties) = preSolution
		HideSolutionNode = FALSE
	EndGlobalSection
	GlobalSection(ExtensibilityGlobals) = postSolution
		SolutionGuid = {B0B21B5A-26C4-4FF5-937A-556DFDF8F172}
	EndGlobalSection
EndGlobal
